
Microsoft Visual Studio Solution File, Format Version 12.00
# Visual Studio Version 17
VisualStudioVersion = 17.14.37027.9 d17.14
MinimumVisualStudioVersion = 10.0.40219.1
Project("{FAE04EC0-301F-11D3-BF4B-00C04F79EFBC}") = "EasyBIM2Rhino", "EasyBIM2Rhino\EasyBIM2Rhino.csproj", "{3D91527B-9732-44AF-B853-560B565BBA99}"
EndProject
Global
	GlobalSection(SolutionConfigurationPlatforms) = preSolution
		Debug|Any CPU = Debug|Any CPU
		Release|Any CPU = Release|Any CPU
	EndGlobalSection
	GlobalSection(ProjectConfigurationPlatforms) = postSolution
		{3D91527B-9732-44AF-B853-560B565BBA99}.Debug|Any CPU.ActiveCfg = Debug|Any CPU
		{3D91527B-9732-44AF-B853-560B565BBA99}.Debug|Any CPU.Build.0 = Debug|Any CPU
		{3D91527B-9732-44AF-B853-560B565BBA99}.Release|Any CPU.ActiveCfg = Release|Any CPU
		{3D91527B-9732-44AF-B853-560B565BBA99}.Release|Any CPU.Build.0 = Release|Any CPU
	EndGlobalSection
	GlobalSection(SolutionProperties) = preSolution
		HideSolutionNode = FALSE
	EndGlobalSection
	GlobalSection(ExtensibilityGlobals) = postSolution
		SolutionGuid = {3DABA96E-1140-4CF2-99F2-BB42A744D19A}
	EndGlobalSection
EndGlobal
